
Microsoft Visual Studio Solution File, Format Version 12.00
# Visual Studio Version 17
VisualStudioVersion = 17.8.34330.188
MinimumVisualStudioVersion = 10.0.40219.1
Project("{FAE04EC0-301F-11D3-BF4B-00C04F79EFBC}") = "Notes", "Notes\Notes.csproj", "{3D679489-CCEB-4F8F-A5DE-40EB67698EF7}"
EndProject
Global
	GlobalSection(SolutionConfigurationPlatforms) = preSolution
		Debug|Any CPU = Debug|Any CPU
		Release|Any CPU = Release|Any CPU
	EndGlobalSection
	GlobalSection(ProjectConfigurationPlatforms) = postSolution
		{3D679489-CCEB-4F8F-A5DE-40EB67698EF7}.Debug|Any CPU.ActiveCfg = Debug|Any CPU
		{3D679489-CCEB-4F8F-A5DE-40EB67698EF7}.Debug|Any CPU.Build.0 = Debug|Any CPU
		{3D679489-CCEB-4F8F-A5DE-40EB67698EF7}.Debug|Any CPU.Deploy.0 = Debug|Any CPU
		{3D679489-CCEB-4F8F-A5DE-40EB67698EF7}.Release|Any CPU.ActiveCfg = Release|Any CPU
		{3D679489-CCEB-4F8F-A5DE-40EB67698EF7}.Release|Any CPU.Build.0 = Release|Any CPU
		{3D679489-CCEB-4F8F-A5DE-40EB67698EF7}.Release|Any CPU.Deploy.0 = Release|Any CPU
	EndGlobalSection
	GlobalSection(SolutionProperties) = preSolution
		HideSolutionNode = FALSE
	EndGlobalSection
	GlobalSection(ExtensibilityGlobals) = postSolution
		SolutionGuid = {BE8F1508-524B-4A74-B0E6-EBC74D7C8D45}
	EndGlobalSection
EndGlobal
